%{
  "b58": {:hex, :b58, "0.1.1", "950563b90ad95be214143aa807d16c98d2ac7bab915097cb1461c936128c6b90", [:mix], [], "hexpm"},
  "basefiftyeight": {:hex, :basefiftyeight, "0.1.0", "3d48544743bf9aab7ab02aed803ac42af77acf268c7d8c71d4f39e7fa85ee8d3", [:mix], [], "hexpm", "af12f551429528c711e98628c029ad48d1e5ba5a284f40b2d91029a65381837a"},
  "curvy": {:hex, :curvy, "0.2.1", "9accca55b4956015319f4aac0320f2a1470be3459c37ffcc71ceac084a5715ef", [:mix], [], "hexpm", "76c6975499ea1f6bb554f7166b5111f95ad5d5e27703ed94921572e789087206"},
  "earmark": {:hex, :earmark, "1.3.5", "0db71c8290b5bc81cb0101a2a507a76dca659513984d683119ee722828b424f6", [:mix], [], "hexpm", "762b999fd414fb41e297944228aa1de2cd4a3876a07f968c8b11d1e9a2190d07"},
  "ex_doc": {:hex, :ex_doc, "0.21.1", "5ac36660846967cd869255f4426467a11672fec3d8db602c429425ce5b613b90", [:mix], [{:earmark, "~> 1.3", [hex: :earmark, repo: "hexpm", optional: false]}, {:makeup_elixir, "~> 0.14", [hex: :makeup_elixir, repo: "hexpm", optional: false]}], "hexpm", "93d2fee94d2f88abf507628378371ea5fab08ed03fa59a6daa3d4469d9159ddd"},
  "libsecp256k1": {:hex, :libsecp256k1, "0.1.10", "d27495e2b9851c7765129b76c53b60f5e275bd6ff68292c50536bf6b8d091a4d", [:make, :mix], [{:mix_erlang_tasks, "0.1.0", [hex: :mix_erlang_tasks, repo: "hexpm", optional: false]}], "hexpm", "09ea06239938571124f7f5a27bc9ac45dfb1cfc2df40d46ee9b59c3d51366652"},
  "makeup": {:hex, :makeup, "1.0.0", "671df94cf5a594b739ce03b0d0316aa64312cee2574b6a44becb83cd90fb05dc", [:mix], [{:nimble_parsec, "~> 0.5.0", [hex: :nimble_parsec, repo: "hexpm", optional: false]}], "hexpm", "a10c6eb62cca416019663129699769f0c2ccf39428b3bb3c0cb38c718a0c186d"},
  "makeup_elixir": {:hex, :makeup_elixir, "0.14.0", "cf8b7c66ad1cff4c14679698d532f0b5d45a3968ffbcbfd590339cb57742f1ae", [:mix], [{:makeup, "~> 1.0", [hex: :makeup, repo: "hexpm", optional: false]}], "hexpm", "d4b316c7222a85bbaa2fd7c6e90e37e953257ad196dc229505137c5e505e9eff"},
  "mix_erlang_tasks": {:hex, :mix_erlang_tasks, "0.1.0", "36819fec60b80689eb1380938675af215565a89320a9e29c72c70d97512e4649", [:mix], [], "hexpm", "95d2839c422c482a70c08a8702da8242f86b773f8ab6e8602a4eb72da8da04ed"},
  "nimble_parsec": {:hex, :nimble_parsec, "0.5.1", "c90796ecee0289dbb5ad16d3ad06f957b0cd1199769641c961cfe0b97db190e0", [:mix], [], "hexpm", "00e3ebdc821fb3a36957320d49e8f4bfa310d73ea31c90e5f925dc75e030da8f"},
  "small_ints": {:hex, :small_ints, "0.1.0", "82a824c8794a2ddc73cb5cd00ead11331db296521ad16a619c13d668572b868a", [:rebar3], [], "hexpm"},
  "varint": {:hex, :varint, "1.2.0", "61bffd9dcc2d5242d59f75694506b4d4013bb103f6a23e34b94f89cebb0c1ab3", [:mix], [], "hexpm"},
}
